
Microsoft Visual Studio Solution File, Format Version 12.00
# Visual Studio 14
VisualStudioVersion = 14.0.25420.1
MinimumVisualStudioVersion = 10.0.40219.1
Project("{FAE04EC0-301F-11D3-BF4B-00C04F79EFBC}") = "Server", "Client-Server\Server.csproj", "{D911F979-EF65-429E-B63C-0B7642C00D15}"
EndProject
Project("{FAE04EC0-301F-11D3-BF4B-00C04F79EFBC}") = "Client", "Client\Client.csproj", "{BEAFF961-279A-40D6-AD60-F68981B8C9A7}"
EndProject
Global
	GlobalSection(SolutionConfigurationPlatforms) = preSolution
		Debug|Any CPU = Debug|Any CPU
		Release|Any CPU = Release|Any CPU
	EndGlobalSection
	GlobalSection(ProjectConfigurationPlatforms) = postSolution
		{D911F979-EF65-429E-B63C-0B7642C00D15}.Debug|Any CPU.ActiveCfg = Debug|Any CPU
		{D911F979-EF65-429E-B63C-0B7642C00D15}.Debug|Any CPU.Build.0 = Debug|Any CPU
		{D911F979-EF65-429E-B63C-0B7642C00D15}.Release|Any CPU.ActiveCfg = Release|Any CPU
		{D911F979-EF65-429E-B63C-0B7642C00D15}.Release|Any CPU.Build.0 = Release|Any CPU
		{BEAFF961-279A-40D6-AD60-F68981B8C9A7}.Debug|Any CPU.ActiveCfg = Debug|Any CPU
		{BEAFF961-279A-40D6-AD60-F68981B8C9A7}.Debug|Any CPU.Build.0 = Debug|Any CPU
		{BEAFF961-279A-40D6-AD60-F68981B8C9A7}.Release|Any CPU.ActiveCfg = Release|Any CPU
		{BEAFF961-279A-40D6-AD60-F68981B8C9A7}.Release|Any CPU.Build.0 = Release|Any CPU
	EndGlobalSection
	GlobalSection(SolutionProperties) = preSolution
		HideSolutionNode = FALSE
	EndGlobalSection
EndGlobal
